<?xml version="1.0" encoding="utf-8"?>
<Project ToolsVersion="4.0" xmlns="http://schemas.microsoft.com/developer/msbuild/2003">
  <ItemGroup>
    <Filter Include="Source Files">
      <UniqueIdentifier>{4FC737F1-C7A5-4376-A066-2A32D752A2FF}</UniqueIdentifier>
      <Extensions>cpp;c;cc;cxx;c++;cppm;ixx;def;odl;idl;hpj;bat;asm;asmx</Extensions>
    </Filter>
    <Filter Include="Header Files">
      <UniqueIdentifier>{93995380-89BD-4b04-88EB-625FBE52EBFB}</UniqueIdentifier>
      <Extensions>h;hh;hpp;hxx;h++;hm;inl;inc;ipp;xsd</Extensions>
    </Filter>
    <Filter Include="Resource Files">
      <UniqueIdentifier>{67DA6AB6-F800-4c08-8B7A-83BB121AAD01}</UniqueIdentifier>
      <Extensions>rc;ico;cur;bmp;dlg;rc2;rct;bin;rgs;gif;jpg;jpeg;jpe;resx;tiff;tif;png;wav;mfcribbon-ms</Extensions>
    </Filter>
  </ItemGroup>
  <ItemGroup>
    <ClCompile Include="main.cpp">
      <Filter>Source Files</Filter>
    </ClCompile>
    <ClCompile Include="Libraries\glad\src\glad.c">
      <Filter>Source Files</Filter>
    </ClCompile>
    <ClCompile Include="Libraries\glad\src\glad_wgl.c">
      <Filter>Source Files</Filter>
    </ClCompile>
    <ClCompile Include="Game\Source\GraphicsSrc\Shader.cpp">
      <Filter>Source Files</Filter>
    </ClCompile>
    <ClCompile Include="Game\Source\GraphicsSrc\VBO.cpp">
      <Filter>Source Files</Filter>
    </ClCompile>
    <ClCompile Include="Game\Source\GraphicsSrc\IBO.cpp">
      <Filter>Source Files</Filter>
    </ClCompile>
    <ClCompile Include="Game\Source\GraphicsSrc\VAO.cpp">
      <Filter>Source Files</Filter>
    </ClCompile>
    <ClCompile Include="Game\Source\stb.cpp">
      <Filter>Source Files</Filter>
    </ClCompile>
    <ClCompile Include="Game\Source\GraphicsSrc\Texture.cpp">
      <Filter>Source Files</Filter>
    </ClCompile>
    <ClCompile Include="Game\Source\ControlsSrc\Camera.cpp">
      <Filter>Source Files</Filter>
    </ClCompile>
    <ClCompile Include="Game\Source\GraphicsSrc\Mesh.cpp">
      <Filter>Source Files</Filter>
    </ClCompile>
    <ClCompile Include="Libraries\imgui\imgui.cpp">
      <Filter>Source Files</Filter>
    </ClCompile>
    <ClCompile Include="Libraries\imgui\imgui_demo.cpp">
      <Filter>Source Files</Filter>
    </ClCompile>
    <ClCompile Include="Libraries\imgui\imgui_draw.cpp">
      <Filter>Source Files</Filter>
    </ClCompile>
    <ClCompile Include="Libraries\imgui\imgui_impl_glfw.cpp">
      <Filter>Source Files</Filter>
    </ClCompile>
    <ClCompile Include="Libraries\imgui\imgui_impl_opengl3.cpp">
      <Filter>Source Files</Filter>
    </ClCompile>
    <ClCompile Include="Libraries\imgui\imgui_tables.cpp">
      <Filter>Source Files</Filter>
    </ClCompile>
    <ClCompile Include="Libraries\imgui\imgui_widgets.cpp">
      <Filter>Source Files</Filter>
    </ClCompile>
    <ClCompile Include="Game\Source\GraphicsSrc\Model.cpp">
      <Filter>Source Files</Filter>
    </ClCompile>
    <ClCompile Include="Game\Source\Game ObjSrc\TerrainSrc\TerrainObject.cpp">
      <Filter>Source Files</Filter>
    </ClCompile>
  </ItemGroup>
  <ItemGroup>
    <None Include="Assets\Shaders\vertDefault.vert" />
    <None Include="Assets\Shaders\fragDefault.frag" />
    <None Include="Assets\Shaders\lightVert.vert" />
    <None Include="Assets\Shaders\lightFrag.frag" />
    <None Include="Libraries\assimp\assimp-vc143-mtd.dll" />
    <None Include="Assets\Models\Backpack\backpack.mtl" />
    <None Include="Assets\Models\Barrel2\Barrel2.mtl" />
    <None Include="Assets\Models\Tower\testTower.mtl" />
    <None Include="Assets\Shaders\terrainFrag.frag" />
    <None Include="Assets\Shaders\terrainVert.vert" />
  </ItemGroup>
  <ItemGroup>
    <ClInclude Include="Game\include\Graphics\Shader.h">
      <Filter>Header Files</Filter>
    </ClInclude>
    <ClInclude Include="Game\include\Graphics\VBO.h">
      <Filter>Header Files</Filter>
    </ClInclude>
    <ClInclude Include="Game\include\Graphics\IBO.h">
      <Filter>Header Files</Filter>
    </ClInclude>
    <ClInclude Include="Game\include\Graphics\VAO.h">
      <Filter>Header Files</Filter>
    </ClInclude>
    <ClInclude Include="Game\include\Info.h">
      <Filter>Header Files</Filter>
    </ClInclude>
    <ClInclude Include="Game\include\Graphics\Texture.h">
      <Filter>Header Files</Filter>
    </ClInclude>
    <ClInclude Include="Game\include\Controls\Camera.h">
      <Filter>Header Files</Filter>
    </ClInclude>
    <ClInclude Include="Game\include\Graphics\Mesh.h">
      <Filter>Header Files</Filter>
    </ClInclude>
    <ClInclude Include="Libraries\imgui\imconfig.h">
      <Filter>Header Files</Filter>
    </ClInclude>
    <ClInclude Include="Libraries\imgui\imgui.h">
      <Filter>Header Files</Filter>
    </ClInclude>
    <ClInclude Include="Libraries\imgui\imgui_impl_glfw.h">
      <Filter>Header Files</Filter>
    </ClInclude>
    <ClInclude Include="Libraries\imgui\imgui_impl_opengl3.h">
      <Filter>Header Files</Filter>
    </ClInclude>
    <ClInclude Include="Libraries\imgui\imgui_internal.h">
      <Filter>Header Files</Filter>
    </ClInclude>
    <ClInclude Include="Libraries\imgui\imstb_rectpack.h">
      <Filter>Header Files</Filter>
    </ClInclude>
    <ClInclude Include="Libraries\imgui\imstb_textedit.h">
      <Filter>Header Files</Filter>
    </ClInclude>
    <ClInclude Include="Libraries\imgui\imstb_truetype.h">
      <Filter>Header Files</Filter>
    </ClInclude>
    <ClInclude Include="Game\include\Graphics\Model.h">
      <Filter>Header Files</Filter>
    </ClInclude>
    <ClInclude Include="Game\include\Game Objects\Lights\PointLight.h">
      <Filter>Header Files</Filter>
    </ClInclude>
    <ClInclude Include="Game\include\Game Objects\Terrain\TerrainObject.h">
      <Filter>Header Files</Filter>
    </ClInclude>
  </ItemGroup>
  <ItemGroup>
    <Image Include="Assets\Textures\popcat.png">
      <Filter>Resource Files</Filter>
    </Image>
    <Image Include="Assets\Textures\stone.png">
      <Filter>Resource Files</Filter>
    </Image>
    <Image Include="Assets\Textures\planksSpec.png">
      <Filter>Resource Files</Filter>
    </Image>
    <Image Include="Assets\Models\Backpack\diffuse.jpg">
      <Filter>Resource Files</Filter>
    </Image>
    <Image Include="Assets\Models\Backpack\specular.jpg">
      <Filter>Resource Files</Filter>
    </Image>
    <Image Include="Assets\Textures\planks.png">
      <Filter>Resource Files</Filter>
    </Image>
    <Image Include="Assets\Models\Backpack\normal.png">
      <Filter>Resource Files</Filter>
    </Image>
    <Image Include="Assets\Models\Backpack\roughness.jpg">
      <Filter>Resource Files</Filter>
    </Image>
    <Image Include="Assets\Models\Backpack\ao.jpg">
      <Filter>Resource Files</Filter>
    </Image>
    <Image Include="Assets\Models\Barrel2\diffuse.jpg">
      <Filter>Resource Files</Filter>
    </Image>
    <Image Include="Assets\Models\Tower\diffuse.jpg">
      <Filter>Resource Files</Filter>
    </Image>
    <Image Include="Assets\Heightmaps\iceland_heightmap.png">
      <Filter>Resource Files</Filter>
    </Image>
    <Image Include="Assets\Heightmaps\TestWorld\TestWorld.png">
      <Filter>Resource Files</Filter>
    </Image>
    <Image Include="Assets\Heightmaps\TestWorld\diffuse.png">
      <Filter>Resource Files</Filter>
    </Image>
    <Image Include="Assets\Heightmaps\TestWorld2\diffuse.png">
      <Filter>Resource Files</Filter>
    </Image>
    <Image Include="Assets\Heightmaps\TestWorld2\testWorld2.png">
      <Filter>Resource Files</Filter>
    </Image>
  </ItemGroup>
  <ItemGroup>
    <Library Include="Libraries\assimp\lib\assimp-vc143-mtd.lib" />
  </ItemGroup>
  <ItemGroup>
    <Text Include="Assets\Models\Backpack\source_attribution.txt" />
  </ItemGroup>
</Project>