
Microsoft Visual Studio Solution File, Format Version 12.00
# Visual Studio Version 17
VisualStudioVersion = 17.5.33516.290
MinimumVisualStudioVersion = 10.0.40219.1
Project("{8BC9CEB8-8B4A-11D0-8D11-00A0C91BC942}") = "3D Game Project", "3D Game Project\3D Game Project.vcxproj", "{C0F78FD7-4D8D-4998-AA36-66DAB5A2836F}"
EndProject
Global
	GlobalSection(SolutionConfigurationPlatforms) = preSolution
		Debug|x64 = Debug|x64
		Debug|x86 = Debug|x86
		Release|x64 = Release|x64
		Release|x86 = Release|x86
	EndGlobalSection
	GlobalSection(ProjectConfigurationPlatforms) = postSolution
		{C0F78FD7-4D8D-4998-AA36-66DAB5A2836F}.Debug|x64.ActiveCfg = Debug|x64
		{C0F78FD7-4D8D-4998-AA36-66DAB5A2836F}.Debug|x64.Build.0 = Debug|x64
		{C0F78FD7-4D8D-4998-AA36-66DAB5A2836F}.Debug|x86.ActiveCfg = Debug|Win32
		{C0F78FD7-4D8D-4998-AA36-66DAB5A2836F}.Debug|x86.Build.0 = Debug|Win32
		{C0F78FD7-4D8D-4998-AA36-66DAB5A2836F}.Release|x64.ActiveCfg = Release|x64
		{C0F78FD7-4D8D-4998-AA36-66DAB5A2836F}.Release|x64.Build.0 = Release|x64
		{C0F78FD7-4D8D-4998-AA36-66DAB5A2836F}.Release|x86.ActiveCfg = Release|Win32
		{C0F78FD7-4D8D-4998-AA36-66DAB5A2836F}.Release|x86.Build.0 = Release|Win32
	EndGlobalSection
	GlobalSection(SolutionProperties) = preSolution
		HideSolutionNode = FALSE
	EndGlobalSection
	GlobalSection(ExtensibilityGlobals) = postSolution
		SolutionGuid = {157ED2FF-BC73-4BE3-83C9-1EAF94D08983}
	EndGlobalSection
EndGlobal
